PODS:
  - Alamofire (5.8.0)
  - ProgressHUD (14.1.0)
  - SwiftLint (0.53.0)
  - SwiftyBeaver (2.0.0)
  - TinyConstraints (4.0.2)

DEPENDENCIES:
  - Alamofire
  - ProgressHUD
  - SwiftLint
  - SwiftyBeaver
  - TinyConstraints

SPEC REPOS:
  trunk:
    - Alamofire
    - ProgressHUD
    - SwiftLint
    - SwiftyBeaver
    - TinyConstraints

SPEC CHECKSUMS:
  Alamofire: 0e92e751b3e9e66d7982db43919d01f313b8eb91
  ProgressHUD: c4a55f108815c46a6bf082407d2f806840b7a869
  SwiftLint: 5ce4d6a8ff83f1b5fd5ad5dbf30965d35af65e44
  SwiftyBeaver: 014b0c12065026b731bac80305294f27d63e27f6
  TinyConstraints: 7b7ccc0c485bb3bb47082138ff28bc33cd49897f

PODFILE CHECKSUM: 4075f845b8abc262e8dcf07cceb47e3311fe63a3

COCOAPODS: 1.11.3
