// !$*UTF8*$!
{
	archiveVersion = 1;
	classes = {
	};
	objectVersion = 56;
	objects = {

/* Begin PBXBuildFile section */
		944B4816DC9D20E94FA50D0B /* Pods_NailIt.framework in Frameworks */ = {isa = PBXBuildFile; fileRef = 4C70E222F8094471A14CAEE8 /* Pods_NailIt.framework */; };
		A4E86E5350C94BF73E336948 /* Pods_NailIt_NailItUITests.framework in Frameworks */ = {isa = PBXBuildFile; fileRef = F8C77F67483E133AF7131691 /* Pods_NailIt_NailItUITests.framework */; };
		AF6385C0292150EA005851B4 /* AppDelegate.swift in Sources */ = {isa = PBXBuildFile; fileRef = AF6385BF292150EA005851B4 /* AppDelegate.swift */; };
		AF6385CA292150EA005851B4 /* NailIt.xcdatamodeld in Sources */ = {isa = PBXBuildFile; fileRef = AF6385C8292150EA005851B4 /* NailIt.xcdatamodeld */; };
		AF6385CC292150EC005851B4 /* Assets.xcassets in Resources */ = {isa = PBXBuildFile; fileRef = AF6385CB292150EC005851B4 /* Assets.xcassets */; };
		AF6385CF292150EC005851B4 /* LaunchScreen.storyboard in Resources */ = {isa = PBXBuildFile; fileRef = AF6385CD292150EC005851B4 /* LaunchScreen.storyboard */; };
		AF6385DA292150EC005851B4 /* NailItTests.swift in Sources */ = {isa = PBXBuildFile; fileRef = AF6385D9292150EC005851B4 /* NailItTests.swift */; };
		AF6385E4292150EC005851B4 /* NailItUITests.swift in Sources */ = {isa = PBXBuildFile; fileRef = AF6385E3292150EC005851B4 /* NailItUITests.swift */; };
		AF6385E6292150EC005851B4 /* NailItUITestsLaunchTests.swift in Sources */ = {isa = PBXBuildFile; fileRef = AF6385E5292150EC005851B4 /* NailItUITestsLaunchTests.swift */; };
		AFA293FA29476AA800F699A6 /* CatalogCollectionViewCell.swift in Sources */ = {isa = PBXBuildFile; fileRef = AFA293F829476AA800F699A6 /* CatalogCollectionViewCell.swift */; };
		AFA293FB29476AA800F699A6 /* CatalogCollectionViewCell.xib in Resources */ = {isa = PBXBuildFile; fileRef = AFA293F929476AA800F699A6 /* CatalogCollectionViewCell.xib */; };
		AFA293FF29476ADA00F699A6 /* CategoryCollectionViewCell.swift in Sources */ = {isa = PBXBuildFile; fileRef = AFA293FD29476ADA00F699A6 /* CategoryCollectionViewCell.swift */; };
		AFA2940029476ADA00F699A6 /* CategoryCollectionViewCell.xib in Resources */ = {isa = PBXBuildFile; fileRef = AFA293FE29476ADA00F699A6 /* CategoryCollectionViewCell.xib */; };
		AFA2940229476ECC00F699A6 /* Collection+Safe.swift in Sources */ = {isa = PBXBuildFile; fileRef = AFA2940129476ECC00F699A6 /* Collection+Safe.swift */; };
		AFA294062947702900F699A6 /* ProductViewController.swift in Sources */ = {isa = PBXBuildFile; fileRef = AFA294042947702900F699A6 /* ProductViewController.swift */; };
		AFA294072947702900F699A6 /* ProductViewController.xib in Resources */ = {isa = PBXBuildFile; fileRef = AFA294052947702900F699A6 /* ProductViewController.xib */; };
		AFA294092947705F00F699A6 /* ProductViewModel.swift in Sources */ = {isa = PBXBuildFile; fileRef = AFA294082947705F00F699A6 /* ProductViewModel.swift */; };
		AFFA8E782921586D0083764C /* RootCoordinator.swift in Sources */ = {isa = PBXBuildFile; fileRef = AFFA8E762921586D0083764C /* RootCoordinator.swift */; };
		AFFA8E792921586D0083764C /* Coordinator.swift in Sources */ = {isa = PBXBuildFile; fileRef = AFFA8E772921586D0083764C /* Coordinator.swift */; };
		AFFA8E81292159100083764C /* DataRequest+DataHandler.swift in Sources */ = {isa = PBXBuildFile; fileRef = AFFA8E7C292159100083764C /* DataRequest+DataHandler.swift */; };
		AFFA8E82292159100083764C /* Encodable.swift in Sources */ = {isa = PBXBuildFile; fileRef = AFFA8E7D292159100083764C /* Encodable.swift */; };
		AFFA8E83292159100083764C /* UIViewController+Nib.swift in Sources */ = {isa = PBXBuildFile; fileRef = AFFA8E7E292159100083764C /* UIViewController+Nib.swift */; };
		AFFA8E84292159100083764C /* NetworkError.swift in Sources */ = {isa = PBXBuildFile; fileRef = AFFA8E7F292159100083764C /* NetworkError.swift */; };
		AFFA8E85292159100083764C /* UIToolbar+ToolbarPicker.swift in Sources */ = {isa = PBXBuildFile; fileRef = AFFA8E80292159100083764C /* UIToolbar+ToolbarPicker.swift */; };
		AFFA8E9C292159430083764C /* SignUpViewController.swift in Sources */ = {isa = PBXBuildFile; fileRef = AFFA8E8C292159430083764C /* SignUpViewController.swift */; };
		AFFA8E9D292159430083764C /* SignUpViewModel.swift in Sources */ = {isa = PBXBuildFile; fileRef = AFFA8E8D292159430083764C /* SignUpViewModel.swift */; };
		AFFA8E9E292159430083764C /* SignUpViewController.xib in Resources */ = {isa = PBXBuildFile; fileRef = AFFA8E8E292159430083764C /* SignUpViewController.xib */; };
		AFFA8E9F292159430083764C /* SignInViewController.xib in Resources */ = {isa = PBXBuildFile; fileRef = AFFA8E90292159430083764C /* SignInViewController.xib */; };
		AFFA8EA0292159430083764C /* SignInViewModel.swift in Sources */ = {isa = PBXBuildFile; fileRef = AFFA8E91292159430083764C /* SignInViewModel.swift */; };
		AFFA8EA1292159430083764C /* SignInViewController.swift in Sources */ = {isa = PBXBuildFile; fileRef = AFFA8E92292159430083764C /* SignInViewController.swift */; };
		AFFA8EAB29215A4A0083764C /* CatalogViewController.xib in Resources */ = {isa = PBXBuildFile; fileRef = AFFA8EA829215A4A0083764C /* CatalogViewController.xib */; };
		AFFA8EAC29215A4A0083764C /* CatalogViewController.swift in Sources */ = {isa = PBXBuildFile; fileRef = AFFA8EA929215A4A0083764C /* CatalogViewController.swift */; };
		AFFA8EAD29215A4A0083764C /* CatalogViewModel.swift in Sources */ = {isa = PBXBuildFile; fileRef = AFFA8EAA29215A4A0083764C /* CatalogViewModel.swift */; };
		AFFE23ED2933339B00063168 /* Interactor.swift in Sources */ = {isa = PBXBuildFile; fileRef = AFFE23EC2933339B00063168 /* Interactor.swift */; };
		AFFE23EF293333AA00063168 /* NetworkService.swift in Sources */ = {isa = PBXBuildFile; fileRef = AFFE23EE293333AA00063168 /* NetworkService.swift */; };
		AFFE23F12933349000063168 /* NailItProvider.swift in Sources */ = {isa = PBXBuildFile; fileRef = AFFE23F02933349000063168 /* NailItProvider.swift */; };
		AFFE23F4293336CD00063168 /* Response.swift in Sources */ = {isa = PBXBuildFile; fileRef = AFFE23F3293336CD00063168 /* Response.swift */; };
		AFFE23F7293345EF00063168 /* UserManager.swift in Sources */ = {isa = PBXBuildFile; fileRef = AFFE23F6293345EF00063168 /* UserManager.swift */; };
		AFFE23F92933462F00063168 /* User.swift in Sources */ = {isa = PBXBuildFile; fileRef = AFFE23F82933462F00063168 /* User.swift */; };
		E4505E91C4DDDC86A211758D /* Pods_NailItTests.framework in Frameworks */ = {isa = PBXBuildFile; fileRef = DE3B16F96BBCD26F71CE42E0 /* Pods_NailItTests.framework */; };
/* End PBXBuildFile section */

/* Begin PBXContainerItemProxy section */
		AF6385D6292150EC005851B4 /* PBXContainerItemProxy */ = {
			isa = PBXContainerItemProxy;
			containerPortal = AF6385B4292150EA005851B4 /* Project object */;
			proxyType = 1;
			remoteGlobalIDString = AF6385BB292150EA005851B4;
			remoteInfo = NailIt;
		};
		AF6385E0292150EC005851B4 /* PBXContainerItemProxy */ = {
			isa = PBXContainerItemProxy;
			containerPortal = AF6385B4292150EA005851B4 /* Project object */;
			proxyType = 1;
			remoteGlobalIDString = AF6385BB292150EA005851B4;
			remoteInfo = NailIt;
		};
/* End PBXContainerItemProxy section */

/* Begin PBXFileReference section */
		3930CE015E675993798351DC /* Pods-NailIt-NailItUITests.debug.xcconfig */ = {isa = PBXFileReference; includeInIndex = 1; lastKnownFileType = text.xcconfig; name = "Pods-NailIt-NailItUITests.debug.xcconfig"; path = "Target Support Files/Pods-NailIt-NailItUITests/Pods-NailIt-NailItUITests.debug.xcconfig"; sourceTree = "<group>"; };
		3B7E6A0E1FF03E80313F278C /* Pods-NailItTests.debug.xcconfig */ = {isa = PBXFileReference; includeInIndex = 1; lastKnownFileType = text.xcconfig; name = "Pods-NailItTests.debug.xcconfig"; path = "Target Support Files/Pods-NailItTests/Pods-NailItTests.debug.xcconfig"; sourceTree = "<group>"; };
		3FF5BCAFD32B67BC1F031B28 /* Pods-NailItTests.release.xcconfig */ = {isa = PBXFileReference; includeInIndex = 1; lastKnownFileType = text.xcconfig; name = "Pods-NailItTests.release.xcconfig"; path = "Target Support Files/Pods-NailItTests/Pods-NailItTests.release.xcconfig"; sourceTree = "<group>"; };
		4C70E222F8094471A14CAEE8 /* Pods_NailIt.framework */ = {isa = PBXFileReference; explicitFileType = wrapper.framework; includeInIndex = 0; path = Pods_NailIt.framework; sourceTree = BUILT_PRODUCTS_DIR; };
		61B4BBB8CD138DF3421285FF /* Pods-NailIt.release.xcconfig */ = {isa = PBXFileReference; includeInIndex = 1; lastKnownFileType = text.xcconfig; name = "Pods-NailIt.release.xcconfig"; path = "Target Support Files/Pods-NailIt/Pods-NailIt.release.xcconfig"; sourceTree = "<group>"; };
		9BFEFD873F3722D5740C01EB /* Pods-NailIt-NailItUITests.release.xcconfig */ = {isa = PBXFileReference; includeInIndex = 1; lastKnownFileType = text.xcconfig; name = "Pods-NailIt-NailItUITests.release.xcconfig"; path = "Target Support Files/Pods-NailIt-NailItUITests/Pods-NailIt-NailItUITests.release.xcconfig"; sourceTree = "<group>"; };
		AF6385BC292150EA005851B4 /* NailIt.app */ = {isa = PBXFileReference; explicitFileType = wrapper.application; includeInIndex = 0; path = NailIt.app; sourceTree = BUILT_PRODUCTS_DIR; };
		AF6385BF292150EA005851B4 /* AppDelegate.swift */ = {isa = PBXFileReference; lastKnownFileType = sourcecode.swift; path = AppDelegate.swift; sourceTree = "<group>"; };
		AF6385C9292150EA005851B4 /* NailIt.xcdatamodel */ = {isa = PBXFileReference; lastKnownFileType = wrapper.xcdatamodel; path = NailIt.xcdatamodel; sourceTree = "<group>"; };
		AF6385CB292150EC005851B4 /* Assets.xcassets */ = {isa = PBXFileReference; lastKnownFileType = folder.assetcatalog; path = Assets.xcassets; sourceTree = "<group>"; };
		AF6385CE292150EC005851B4 /* Base */ = {isa = PBXFileReference; lastKnownFileType = file.storyboard; name = Base; path = Base.lproj/LaunchScreen.storyboard; sourceTree = "<group>"; };
		AF6385D0292150EC005851B4 /* Info.plist */ = {isa = PBXFileReference; lastKnownFileType = text.plist.xml; path = Info.plist; sourceTree = "<group>"; };
		AF6385D5292150EC005851B4 /* NailItTests.xctest */ = {isa = PBXFileReference; explicitFileType = wrapper.cfbundle; includeInIndex = 0; path = NailItTests.xctest; sourceTree = BUILT_PRODUCTS_DIR; };
		AF6385D9292150EC005851B4 /* NailItTests.swift */ = {isa = PBXFileReference; lastKnownFileType = sourcecode.swift; path = NailItTests.swift; sourceTree = "<group>"; };
		AF6385DF292150EC005851B4 /* NailItUITests.xctest */ = {isa = PBXFileReference; explicitFileType = wrapper.cfbundle; includeInIndex = 0; path = NailItUITests.xctest; sourceTree = BUILT_PRODUCTS_DIR; };
		AF6385E3292150EC005851B4 /* NailItUITests.swift */ = {isa = PBXFileReference; lastKnownFileType = sourcecode.swift; path = NailItUITests.swift; sourceTree = "<group>"; };
		AF6385E5292150EC005851B4 /* NailItUITestsLaunchTests.swift */ = {isa = PBXFileReference; lastKnownFileType = sourcecode.swift; path = NailItUITestsLaunchTests.swift; sourceTree = "<group>"; };
		AFA293F829476AA800F699A6 /* CatalogCollectionViewCell.swift */ = {isa = PBXFileReference; lastKnownFileType = sourcecode.swift; path = CatalogCollectionViewCell.swift; sourceTree = "<group>"; };
		AFA293F929476AA800F699A6 /* CatalogCollectionViewCell.xib */ = {isa = PBXFileReference; lastKnownFileType = file.xib; path = CatalogCollectionViewCell.xib; sourceTree = "<group>"; };
		AFA293FD29476ADA00F699A6 /* CategoryCollectionViewCell.swift */ = {isa = PBXFileReference; lastKnownFileType = sourcecode.swift; path = CategoryCollectionViewCell.swift; sourceTree = "<group>"; };
		AFA293FE29476ADA00F699A6 /* CategoryCollectionViewCell.xib */ = {isa = PBXFileReference; lastKnownFileType = file.xib; path = CategoryCollectionViewCell.xib; sourceTree = "<group>"; };
		AFA2940129476ECC00F699A6 /* Collection+Safe.swift */ = {isa = PBXFileReference; lastKnownFileType = sourcecode.swift; path = "Collection+Safe.swift"; sourceTree = "<group>"; };
		AFA294042947702900F699A6 /* ProductViewController.swift */ = {isa = PBXFileReference; lastKnownFileType = sourcecode.swift; path = ProductViewController.swift; sourceTree = "<group>"; };
		AFA294052947702900F699A6 /* ProductViewController.xib */ = {isa = PBXFileReference; lastKnownFileType = file.xib; path = ProductViewController.xib; sourceTree = "<group>"; };
		AFA294082947705F00F699A6 /* ProductViewModel.swift */ = {isa = PBXFileReference; lastKnownFileType = sourcecode.swift; path = ProductViewModel.swift; sourceTree = "<group>"; };
		AFFA8E762921586D0083764C /* RootCoordinator.swift */ = {isa = PBXFileReference; fileEncoding = 4; lastKnownFileType = sourcecode.swift; path = RootCoordinator.swift; sourceTree = "<group>"; };
		AFFA8E772921586D0083764C /* Coordinator.swift */ = {isa = PBXFileReference; fileEncoding = 4; lastKnownFileType = sourcecode.swift; path = Coordinator.swift; sourceTree = "<group>"; };
		AFFA8E7C292159100083764C /* DataRequest+DataHandler.swift */ = {isa = PBXFileReference; fileEncoding = 4; lastKnownFileType = sourcecode.swift; path = "DataRequest+DataHandler.swift"; sourceTree = "<group>"; };
		AFFA8E7D292159100083764C /* Encodable.swift */ = {isa = PBXFileReference; fileEncoding = 4; lastKnownFileType = sourcecode.swift; path = Encodable.swift; sourceTree = "<group>"; };
		AFFA8E7E292159100083764C /* UIViewController+Nib.swift */ = {isa = PBXFileReference; fileEncoding = 4; lastKnownFileType = sourcecode.swift; path = "UIViewController+Nib.swift"; sourceTree = "<group>"; };
		AFFA8E7F292159100083764C /* NetworkError.swift */ = {isa = PBXFileReference; fileEncoding = 4; lastKnownFileType = sourcecode.swift; path = NetworkError.swift; sourceTree = "<group>"; };
		AFFA8E80292159100083764C /* UIToolbar+ToolbarPicker.swift */ = {isa = PBXFileReference; fileEncoding = 4; lastKnownFileType = sourcecode.swift; path = "UIToolbar+ToolbarPicker.swift"; sourceTree = "<group>"; };
		AFFA8E8C292159430083764C /* SignUpViewController.swift */ = {isa = PBXFileReference; fileEncoding = 4; lastKnownFileType = sourcecode.swift; path = SignUpViewController.swift; sourceTree = "<group>"; };
		AFFA8E8D292159430083764C /* SignUpViewModel.swift */ = {isa = PBXFileReference; fileEncoding = 4; lastKnownFileType = sourcecode.swift; path = SignUpViewModel.swift; sourceTree = "<group>"; };
		AFFA8E8E292159430083764C /* SignUpViewController.xib */ = {isa = PBXFileReference; fileEncoding = 4; lastKnownFileType = file.xib; path = SignUpViewController.xib; sourceTree = "<group>"; };
		AFFA8E90292159430083764C /* SignInViewController.xib */ = {isa = PBXFileReference; fileEncoding = 4; lastKnownFileType = file.xib; path = SignInViewController.xib; sourceTree = "<group>"; };
		AFFA8E91292159430083764C /* SignInViewModel.swift */ = {isa = PBXFileReference; fileEncoding = 4; lastKnownFileType = sourcecode.swift; path = SignInViewModel.swift; sourceTree = "<group>"; };
		AFFA8E92292159430083764C /* SignInViewController.swift */ = {isa = PBXFileReference; fileEncoding = 4; lastKnownFileType = sourcecode.swift; path = SignInViewController.swift; sourceTree = "<group>"; };
		AFFA8EA829215A4A0083764C /* CatalogViewController.xib */ = {isa = PBXFileReference; fileEncoding = 4; lastKnownFileType = file.xib; path = CatalogViewController.xib; sourceTree = "<group>"; };
		AFFA8EA929215A4A0083764C /* CatalogViewController.swift */ = {isa = PBXFileReference; fileEncoding = 4; lastKnownFileType = sourcecode.swift; path = CatalogViewController.swift; sourceTree = "<group>"; };
		AFFA8EAA29215A4A0083764C /* CatalogViewModel.swift */ = {isa = PBXFileReference; fileEncoding = 4; lastKnownFileType = sourcecode.swift; path = CatalogViewModel.swift; sourceTree = "<group>"; };
		AFFE23EC2933339B00063168 /* Interactor.swift */ = {isa = PBXFileReference; lastKnownFileType = sourcecode.swift; path = Interactor.swift; sourceTree = "<group>"; };
		AFFE23EE293333AA00063168 /* NetworkService.swift */ = {isa = PBXFileReference; lastKnownFileType = sourcecode.swift; path = NetworkService.swift; sourceTree = "<group>"; };
		AFFE23F02933349000063168 /* NailItProvider.swift */ = {isa = PBXFileReference; lastKnownFileType = sourcecode.swift; path = NailItProvider.swift; sourceTree = "<group>"; };
		AFFE23F3293336CD00063168 /* Response.swift */ = {isa = PBXFileReference; lastKnownFileType = sourcecode.swift; path = Response.swift; sourceTree = "<group>"; };
		AFFE23F6293345EF00063168 /* UserManager.swift */ = {isa = PBXFileReference; lastKnownFileType = sourcecode.swift; path = UserManager.swift; sourceTree = "<group>"; };
		AFFE23F82933462F00063168 /* User.swift */ = {isa = PBXFileReference; lastKnownFileType = sourcecode.swift; path = User.swift; sourceTree = "<group>"; };
		C8381A3F3C35C9FBEBE345BE /* Pods-NailIt.debug.xcconfig */ = {isa = PBXFileReference; includeInIndex = 1; lastKnownFileType = text.xcconfig; name = "Pods-NailIt.debug.xcconfig"; path = "Target Support Files/Pods-NailIt/Pods-NailIt.debug.xcconfig"; sourceTree = "<group>"; };
		DE3B16F96BBCD26F71CE42E0 /* Pods_NailItTests.framework */ = {isa = PBXFileReference; explicitFileType = wrapper.framework; includeInIndex = 0; path = Pods_NailItTests.framework; sourceTree = BUILT_PRODUCTS_DIR; };
		F8C77F67483E133AF7131691 /* Pods_NailIt_NailItUITests.framework */ = {isa = PBXFileReference; explicitFileType = wrapper.framework; includeInIndex = 0; path = Pods_NailIt_NailItUITests.framework; sourceTree = BUILT_PRODUCTS_DIR; };
/* End PBXFileReference section */

/* Begin PBXFrameworksBuildPhase section */
		AF6385B9292150EA005851B4 /* Frameworks */ = {
			isa = PBXFrameworksBuildPhase;
			buildActionMask = 2147483647;
			files = (
				944B4816DC9D20E94FA50D0B /* Pods_NailIt.framework in Frameworks */,
			);
			runOnlyForDeploymentPostprocessing = 0;
		};
		AF6385D2292150EC005851B4 /* Frameworks */ = {
			isa = PBXFrameworksBuildPhase;
			buildActionMask = 2147483647;
			files = (
				E4505E91C4DDDC86A211758D /* Pods_NailItTests.framework in Frameworks */,
			);
			runOnlyForDeploymentPostprocessing = 0;
		};
		AF6385DC292150EC005851B4 /* Frameworks */ = {
			isa = PBXFrameworksBuildPhase;
			buildActionMask = 2147483647;
			files = (
				A4E86E5350C94BF73E336948 /* Pods_NailIt_NailItUITests.framework in Frameworks */,
			);
			runOnlyForDeploymentPostprocessing = 0;
		};
/* End PBXFrameworksBuildPhase section */

/* Begin PBXGroup section */
		0821572E7A8F8463EAC1AF23 /* Frameworks */ = {
			isa = PBXGroup;
			children = (
				4C70E222F8094471A14CAEE8 /* Pods_NailIt.framework */,
				F8C77F67483E133AF7131691 /* Pods_NailIt_NailItUITests.framework */,
				DE3B16F96BBCD26F71CE42E0 /* Pods_NailItTests.framework */,
			);
			name = Frameworks;
			sourceTree = "<group>";
		};
		AF6385B3292150EA005851B4 = {
			isa = PBXGroup;
			children = (
				AF6385BE292150EA005851B4 /* NailIt */,
				AF6385D8292150EC005851B4 /* NailItTests */,
				AF6385E2292150EC005851B4 /* NailItUITests */,
				AF6385BD292150EA005851B4 /* Products */,
				FD7138EAE199BC012EE26E0B /* Pods */,
				0821572E7A8F8463EAC1AF23 /* Frameworks */,
			);
			sourceTree = "<group>";
		};
		AF6385BD292150EA005851B4 /* Products */ = {
			isa = PBXGroup;
			children = (
				AF6385BC292150EA005851B4 /* NailIt.app */,
				AF6385D5292150EC005851B4 /* NailItTests.xctest */,
				AF6385DF292150EC005851B4 /* NailItUITests.xctest */,
			);
			name = Products;
			sourceTree = "<group>";
		};
		AF6385BE292150EA005851B4 /* NailIt */ = {
			isa = PBXGroup;
			children = (
				AFFE23F2293336C500063168 /* Models */,
				AFFE23EB2933338E00063168 /* Services */,
				AFFA8E86292159430083764C /* ViewControllers */,
				AFFA8E7B292159100083764C /* Extensions */,
				AFFA8E752921586D0083764C /* Coordinators */,
				AF6385BF292150EA005851B4 /* AppDelegate.swift */,
				AF6385CB292150EC005851B4 /* Assets.xcassets */,
				AF6385CD292150EC005851B4 /* LaunchScreen.storyboard */,
				AF6385D0292150EC005851B4 /* Info.plist */,
				AF6385C8292150EA005851B4 /* NailIt.xcdatamodeld */,
			);
			path = NailIt;
			sourceTree = "<group>";
		};
		AF6385D8292150EC005851B4 /* NailItTests */ = {
			isa = PBXGroup;
			children = (
				AF6385D9292150EC005851B4 /* NailItTests.swift */,
			);
			path = NailItTests;
			sourceTree = "<group>";
		};
		AF6385E2292150EC005851B4 /* NailItUITests */ = {
			isa = PBXGroup;
			children = (
				AF6385E3292150EC005851B4 /* NailItUITests.swift */,
				AF6385E5292150EC005851B4 /* NailItUITestsLaunchTests.swift */,
			);
			path = NailItUITests;
			sourceTree = "<group>";
		};
		AFA293F729476A9100F699A6 /* CatalogCollectionViewCell */ = {
			isa = PBXGroup;
			children = (
				AFA293FC29476ABE00F699A6 /* CategoryCollectionViewCell */,
				AFA293F829476AA800F699A6 /* CatalogCollectionViewCell.swift */,
				AFA293F929476AA800F699A6 /* CatalogCollectionViewCell.xib */,
			);
			path = CatalogCollectionViewCell;
			sourceTree = "<group>";
		};
		AFA293FC29476ABE00F699A6 /* CategoryCollectionViewCell */ = {
			isa = PBXGroup;
			children = (
				AFA293FD29476ADA00F699A6 /* CategoryCollectionViewCell.swift */,
				AFA293FE29476ADA00F699A6 /* CategoryCollectionViewCell.xib */,
			);
			path = CategoryCollectionViewCell;
			sourceTree = "<group>";
		};
		AFA294032947700D00F699A6 /* ProductViewController */ = {
			isa = PBXGroup;
			children = (
				AFA294042947702900F699A6 /* ProductViewController.swift */,
				AFA294052947702900F699A6 /* ProductViewController.xib */,
				AFA294082947705F00F699A6 /* ProductViewModel.swift */,
			);
			path = ProductViewController;
			sourceTree = "<group>";
		};
		AFFA8E752921586D0083764C /* Coordinators */ = {
			isa = PBXGroup;
			children = (
				AFFA8E762921586D0083764C /* RootCoordinator.swift */,
				AFFA8E772921586D0083764C /* Coordinator.swift */,
			);
			path = Coordinators;
			sourceTree = "<group>";
		};
		AFFA8E7B292159100083764C /* Extensions */ = {
			isa = PBXGroup;
			children = (
				AFFA8E7C292159100083764C /* DataRequest+DataHandler.swift */,
				AFFA8E7D292159100083764C /* Encodable.swift */,
				AFFA8E7E292159100083764C /* UIViewController+Nib.swift */,
				AFFA8E7F292159100083764C /* NetworkError.swift */,
				AFFA8E80292159100083764C /* UIToolbar+ToolbarPicker.swift */,
				AFA2940129476ECC00F699A6 /* Collection+Safe.swift */,
			);
			path = Extensions;
			sourceTree = "<group>";
		};
		AFFA8E86292159430083764C /* ViewControllers */ = {
			isa = PBXGroup;
			children = (
				AFA294032947700D00F699A6 /* ProductViewController */,
				AFFA8EA729215A4A0083764C /* CatalogViewController */,
				AFFA8E8B292159430083764C /* SignUpViewController */,
				AFFA8E8F292159430083764C /* SignInViewController */,
			);
			path = ViewControllers;
			sourceTree = "<group>";
		};
		AFFA8E8B292159430083764C /* SignUpViewController */ = {
			isa = PBXGroup;
			children = (
				AFFA8E8C292159430083764C /* SignUpViewController.swift */,
				AFFA8E8D292159430083764C /* SignUpViewModel.swift */,
				AFFA8E8E292159430083764C /* SignUpViewController.xib */,
			);
			path = SignUpViewController;
			sourceTree = "<group>";
		};
		AFFA8E8F292159430083764C /* SignInViewController */ = {
			isa = PBXGroup;
			children = (
				AFFA8E90292159430083764C /* SignInViewController.xib */,
				AFFA8E91292159430083764C /* SignInViewModel.swift */,
				AFFA8E92292159430083764C /* SignInViewController.swift */,
			);
			path = SignInViewController;
			sourceTree = "<group>";
		};
		AFFA8EA729215A4A0083764C /* CatalogViewController */ = {
			isa = PBXGroup;
			children = (
				AFA293F729476A9100F699A6 /* CatalogCollectionViewCell */,
				AFFA8EA829215A4A0083764C /* CatalogViewController.xib */,
				AFFA8EA929215A4A0083764C /* CatalogViewController.swift */,
				AFFA8EAA29215A4A0083764C /* CatalogViewModel.swift */,
			);
			path = CatalogViewController;
			sourceTree = "<group>";
		};
		AFFE23EB2933338E00063168 /* Services */ = {
			isa = PBXGroup;
			children = (
				AFFE23F6293345EF00063168 /* UserManager.swift */,
				AFFE23EC2933339B00063168 /* Interactor.swift */,
				AFFE23EE293333AA00063168 /* NetworkService.swift */,
				AFFE23F02933349000063168 /* NailItProvider.swift */,
			);
			path = Services;
			sourceTree = "<group>";
		};
		AFFE23F2293336C500063168 /* Models */ = {
			isa = PBXGroup;
			children = (
				AFFE23F3293336CD00063168 /* Response.swift */,
				AFFE23F82933462F00063168 /* User.swift */,
			);
			path = Models;
			sourceTree = "<group>";
		};
		FD7138EAE199BC012EE26E0B /* Pods */ = {
			isa = PBXGroup;
			children = (
				C8381A3F3C35C9FBEBE345BE /* Pods-NailIt.debug.xcconfig */,
				61B4BBB8CD138DF3421285FF /* Pods-NailIt.release.xcconfig */,
				3930CE015E675993798351DC /* Pods-NailIt-NailItUITests.debug.xcconfig */,
				9BFEFD873F3722D5740C01EB /* Pods-NailIt-NailItUITests.release.xcconfig */,
				3B7E6A0E1FF03E80313F278C /* Pods-NailItTests.debug.xcconfig */,
				3FF5BCAFD32B67BC1F031B28 /* Pods-NailItTests.release.xcconfig */,
			);
			path = Pods;
			sourceTree = "<group>";
		};
/* End PBXGroup section */

/* Begin PBXNativeTarget section */
		AF6385BB292150EA005851B4 /* NailIt */ = {
			isa = PBXNativeTarget;
			buildConfigurationList = AF6385E9292150EC005851B4 /* Build configuration list for PBXNativeTarget "NailIt" */;
			buildPhases = (
				90621C16588C85483795EC7D /* [CP] Check Pods Manifest.lock */,
				AF6385B8292150EA005851B4 /* Sources */,
				AF6385B9292150EA005851B4 /* Frameworks */,
				AF6385BA292150EA005851B4 /* Resources */,
				DCBF1C548A624F9C2A70697D /* [CP] Embed Pods Frameworks */,
				AFFA8E7A292158920083764C /* ShellScript */,
			);
			buildRules = (
			);
			dependencies = (
			);
			name = NailIt;
			productName = NailIt;
			productReference = AF6385BC292150EA005851B4 /* NailIt.app */;
			productType = "com.apple.product-type.application";
		};
		AF6385D4292150EC005851B4 /* NailItTests */ = {
			isa = PBXNativeTarget;
			buildConfigurationList = AF6385EC292150EC005851B4 /* Build configuration list for PBXNativeTarget "NailItTests" */;
			buildPhases = (
				CA2343CFE71A4C4667188141 /* [CP] Check Pods Manifest.lock */,
				AF6385D1292150EC005851B4 /* Sources */,
				AF6385D2292150EC005851B4 /* Frameworks */,
				AF6385D3292150EC005851B4 /* Resources */,
			);
			buildRules = (
			);
			dependencies = (
				AF6385D7292150EC005851B4 /* PBXTargetDependency */,
			);
			name = NailItTests;
			productName = NailItTests;
			productReference = AF6385D5292150EC005851B4 /* NailItTests.xctest */;
			productType = "com.apple.product-type.bundle.unit-test";
		};
		AF6385DE292150EC005851B4 /* NailItUITests */ = {
			isa = PBXNativeTarget;
			buildConfigurationList = AF6385EF292150EC005851B4 /* Build configuration list for PBXNativeTarget "NailItUITests" */;
			buildPhases = (
				CF840B38C1E8732FAE7D656E /* [CP] Check Pods Manifest.lock */,
				AF6385DB292150EC005851B4 /* Sources */,
				AF6385DC292150EC005851B4 /* Frameworks */,
				AF6385DD292150EC005851B4 /* Resources */,
				EED3CDDEAD82876527E60376 /* [CP] Embed Pods Frameworks */,
			);
			buildRules = (
			);
			dependencies = (
				AF6385E1292150EC005851B4 /* PBXTargetDependency */,
			);
			name = NailItUITests;
			productName = NailItUITests;
			productReference = AF6385DF292150EC005851B4 /* NailItUITests.xctest */;
			productType = "com.apple.product-type.bundle.ui-testing";
		};
/* End PBXNativeTarget section */

/* Begin PBXProject section */
		AF6385B4292150EA005851B4 /* Project object */ = {
			isa = PBXProject;
			attributes = {
				BuildIndependentTargetsInParallel = 1;
				LastSwiftUpdateCheck = 1400;
				LastUpgradeCheck = 1400;
				TargetAttributes = {
					AF6385BB292150EA005851B4 = {
						CreatedOnToolsVersion = 14.0.1;
					};
					AF6385D4292150EC005851B4 = {
						CreatedOnToolsVersion = 14.0.1;
						TestTargetID = AF6385BB292150EA005851B4;
					};
					AF6385DE292150EC005851B4 = {
						CreatedOnToolsVersion = 14.0.1;
						TestTargetID = AF6385BB292150EA005851B4;
					};
				};
			};
			buildConfigurationList = AF6385B7292150EA005851B4 /* Build configuration list for PBXProject "NailIt" */;
			compatibilityVersion = "Xcode 14.0";
			developmentRegion = en;
			hasScannedForEncodings = 0;
			knownRegions = (
				en,
				Base,
			);
			mainGroup = AF6385B3292150EA005851B4;
			productRefGroup = AF6385BD292150EA005851B4 /* Products */;
			projectDirPath = "";
			projectRoot = "";
			targets = (
				AF6385BB292150EA005851B4 /* NailIt */,
				AF6385D4292150EC005851B4 /* NailItTests */,
				AF6385DE292150EC005851B4 /* NailItUITests */,
			);
		};
/* End PBXProject section */

/* Begin PBXResourcesBuildPhase section */
		AF6385BA292150EA005851B4 /* Resources */ = {
			isa = PBXResourcesBuildPhase;
			buildActionMask = 2147483647;
			files = (
				AFFA8E9F292159430083764C /* SignInViewController.xib in Resources */,
				AFA2940029476ADA00F699A6 /* CategoryCollectionViewCell.xib in Resources */,
				AFA294072947702900F699A6 /* ProductViewController.xib in Resources */,
				AF6385CF292150EC005851B4 /* LaunchScreen.storyboard in Resources */,
				AFA293FB29476AA800F699A6 /* CatalogCollectionViewCell.xib in Resources */,
				AFFA8EAB29215A4A0083764C /* CatalogViewController.xib in Resources */,
				AFFA8E9E292159430083764C /* SignUpViewController.xib in Resources */,
				AF6385CC292150EC005851B4 /* Assets.xcassets in Resources */,
			);
			runOnlyForDeploymentPostprocessing = 0;
		};
		AF6385D3292150EC005851B4 /* Resources */ = {
			isa = PBXResourcesBuildPhase;
			buildActionMask = 2147483647;
			files = (
			);
			runOnlyForDeploymentPostprocessing = 0;
		};
		AF6385DD292150EC005851B4 /* Resources */ = {
			isa = PBXResourcesBuildPhase;
			buildActionMask = 2147483647;
			files = (
			);
			runOnlyForDeploymentPostprocessing = 0;
		};
/* End PBXResourcesBuildPhase section */

/* Begin PBXShellScriptBuildPhase section */
		90621C16588C85483795EC7D /* [CP] Check Pods Manifest.lock */ = {
			isa = PBXShellScriptBuildPhase;
			buildActionMask = 2147483647;
			files = (
			);
			inputFileListPaths = (
			);
			inputPaths = (
				"${PODS_PODFILE_DIR_PATH}/Podfile.lock",
				"${PODS_ROOT}/Manifest.lock",
			);
			name = "[CP] Check Pods Manifest.lock";
			outputFileListPaths = (
			);
			outputPaths = (
				"$(DERIVED_FILE_DIR)/Pods-NailIt-checkManifestLockResult.txt",
			);
			runOnlyForDeploymentPostprocessing = 0;
			shellPath = /bin/sh;
			shellScript = "diff \"${PODS_PODFILE_DIR_PATH}/Podfile.lock\" \"${PODS_ROOT}/Manifest.lock\" > /dev/null\nif [ $? != 0 ] ; then\n    # print error to STDERR\n    echo \"error: The sandbox is not in sync with the Podfile.lock. Run 'pod install' or update your CocoaPods installation.\" >&2\n    exit 1\nfi\n# This output is used by Xcode 'outputs' to avoid re-running this script phase.\necho \"SUCCESS\" > \"${SCRIPT_OUTPUT_FILE_0}\"\n";
			showEnvVarsInLog = 0;
		};
		AFFA8E7A292158920083764C /* ShellScript */ = {
			isa = PBXShellScriptBuildPhase;
			alwaysOutOfDate = 1;
			buildActionMask = 2147483647;
			files = (
			);
			inputFileListPaths = (
			);
			inputPaths = (
			);
			outputFileListPaths = (
			);
			outputPaths = (
			);
			runOnlyForDeploymentPostprocessing = 0;
			shellPath = /bin/sh;
			shellScript = "\"${PODS_ROOT}/SwiftLint/swiftlint\"\n";
		};
		CA2343CFE71A4C4667188141 /* [CP] Check Pods Manifest.lock */ = {
			isa = PBXShellScriptBuildPhase;
			buildActionMask = 2147483647;
			files = (
			);
			inputFileListPaths = (
			);
			inputPaths = (
				"${PODS_PODFILE_DIR_PATH}/Podfile.lock",
				"${PODS_ROOT}/Manifest.lock",
			);
			name = "[CP] Check Pods Manifest.lock";
			outputFileListPaths = (
			);
			outputPaths = (
				"$(DERIVED_FILE_DIR)/Pods-NailItTests-checkManifestLockResult.txt",
			);
			runOnlyForDeploymentPostprocessing = 0;
			shellPath = /bin/sh;
			shellScript = "diff \"${PODS_PODFILE_DIR_PATH}/Podfile.lock\" \"${PODS_ROOT}/Manifest.lock\" > /dev/null\nif [ $? != 0 ] ; then\n    # print error to STDERR\n    echo \"error: The sandbox is not in sync with the Podfile.lock. Run 'pod install' or update your CocoaPods installation.\" >&2\n    exit 1\nfi\n# This output is used by Xcode 'outputs' to avoid re-running this script phase.\necho \"SUCCESS\" > \"${SCRIPT_OUTPUT_FILE_0}\"\n";
			showEnvVarsInLog = 0;
		};
		CF840B38C1E8732FAE7D656E /* [CP] Check Pods Manifest.lock */ = {
			isa = PBXShellScriptBuildPhase;
			buildActionMask = 2147483647;
			files = (
			);
			inputFileListPaths = (
			);
			inputPaths = (
				"${PODS_PODFILE_DIR_PATH}/Podfile.lock",
				"${PODS_ROOT}/Manifest.lock",
			);
			name = "[CP] Check Pods Manifest.lock";
			outputFileListPaths = (
			);
			outputPaths = (
				"$(DERIVED_FILE_DIR)/Pods-NailIt-NailItUITests-checkManifestLockResult.txt",
			);
			runOnlyForDeploymentPostprocessing = 0;
			shellPath = /bin/sh;
			shellScript = "diff \"${PODS_PODFILE_DIR_PATH}/Podfile.lock\" \"${PODS_ROOT}/Manifest.lock\" > /dev/null\nif [ $? != 0 ] ; then\n    # print error to STDERR\n    echo \"error: The sandbox is not in sync with the Podfile.lock. Run 'pod install' or update your CocoaPods installation.\" >&2\n    exit 1\nfi\n# This output is used by Xcode 'outputs' to avoid re-running this script phase.\necho \"SUCCESS\" > \"${SCRIPT_OUTPUT_FILE_0}\"\n";
			showEnvVarsInLog = 0;
		};
		DCBF1C548A624F9C2A70697D /* [CP] Embed Pods Frameworks */ = {
			isa = PBXShellScriptBuildPhase;
			buildActionMask = 2147483647;
			files = (
			);
			inputFileListPaths = (
				"${PODS_ROOT}/Target Support Files/Pods-NailIt/Pods-NailIt-frameworks-${CONFIGURATION}-input-files.xcfilelist",
			);
			name = "[CP] Embed Pods Frameworks";
			outputFileListPaths = (
				"${PODS_ROOT}/Target Support Files/Pods-NailIt/Pods-NailIt-frameworks-${CONFIGURATION}-output-files.xcfilelist",
			);
			runOnlyForDeploymentPostprocessing = 0;
			shellPath = /bin/sh;
			shellScript = "\"${PODS_ROOT}/Target Support Files/Pods-NailIt/Pods-NailIt-frameworks.sh\"\n";
			showEnvVarsInLog = 0;
		};
		EED3CDDEAD82876527E60376 /* [CP] Embed Pods Frameworks */ = {
			isa = PBXShellScriptBuildPhase;
			buildActionMask = 2147483647;
			files = (
			);
			inputFileListPaths = (
				"${PODS_ROOT}/Target Support Files/Pods-NailIt-NailItUITests/Pods-NailIt-NailItUITests-frameworks-${CONFIGURATION}-input-files.xcfilelist",
			);
			name = "[CP] Embed Pods Frameworks";
			outputFileListPaths = (
				"${PODS_ROOT}/Target Support Files/Pods-NailIt-NailItUITests/Pods-NailIt-NailItUITests-frameworks-${CONFIGURATION}-output-files.xcfilelist",
			);
			runOnlyForDeploymentPostprocessing = 0;
			shellPath = /bin/sh;
			shellScript = "\"${PODS_ROOT}/Target Support Files/Pods-NailIt-NailItUITests/Pods-NailIt-NailItUITests-frameworks.sh\"\n";
			showEnvVarsInLog = 0;
		};
/* End PBXShellScriptBuildPhase section */

/* Begin PBXSourcesBuildPhase section */
		AF6385B8292150EA005851B4 /* Sources */ = {
			isa = PBXSourcesBuildPhase;
			buildActionMask = 2147483647;
			files = (
				AFFA8E782921586D0083764C /* RootCoordinator.swift in Sources */,
				AFFA8E82292159100083764C /* Encodable.swift in Sources */,
				AFA293FA29476AA800F699A6 /* CatalogCollectionViewCell.swift in Sources */,
				AF6385CA292150EA005851B4 /* NailIt.xcdatamodeld in Sources */,
				AFFA8E792921586D0083764C /* Coordinator.swift in Sources */,
				AFFA8E9D292159430083764C /* SignUpViewModel.swift in Sources */,
				AFA2940229476ECC00F699A6 /* Collection+Safe.swift in Sources */,
				AFFE23F4293336CD00063168 /* Response.swift in Sources */,
				AFFE23EF293333AA00063168 /* NetworkService.swift in Sources */,
				AFFA8E81292159100083764C /* DataRequest+DataHandler.swift in Sources */,
				AFFE23ED2933339B00063168 /* Interactor.swift in Sources */,
				AFFA8E84292159100083764C /* NetworkError.swift in Sources */,
				AFFE23F12933349000063168 /* NailItProvider.swift in Sources */,
				AFFA8E83292159100083764C /* UIViewController+Nib.swift in Sources */,
				AFFA8EAC29215A4A0083764C /* CatalogViewController.swift in Sources */,
				AF6385C0292150EA005851B4 /* AppDelegate.swift in Sources */,
				AFFA8E85292159100083764C /* UIToolbar+ToolbarPicker.swift in Sources */,
				AFA293FF29476ADA00F699A6 /* CategoryCollectionViewCell.swift in Sources */,
				AFA294092947705F00F699A6 /* ProductViewModel.swift in Sources */,
				AFFA8EA1292159430083764C /* SignInViewController.swift in Sources */,
				AFFA8E9C292159430083764C /* SignUpViewController.swift in Sources */,
				AFFA8EA0292159430083764C /* SignInViewModel.swift in Sources */,
				AFFE23F7293345EF00063168 /* UserManager.swift in Sources */,
				AFFA8EAD29215A4A0083764C /* CatalogViewModel.swift in Sources */,
				AFA294062947702900F699A6 /* ProductViewController.swift in Sources */,
				AFFE23F92933462F00063168 /* User.swift in Sources */,
			);
			runOnlyForDeploymentPostprocessing = 0;
		};
		AF6385D1292150EC005851B4 /* Sources */ = {
			isa = PBXSourcesBuildPhase;
			buildActionMask = 2147483647;
			files = (
				AF6385DA292150EC005851B4 /* NailItTests.swift in Sources */,
			);
			runOnlyForDeploymentPostprocessing = 0;
		};
		AF6385DB292150EC005851B4 /* Sources */ = {
			isa = PBXSourcesBuildPhase;
			buildActionMask = 2147483647;
			files = (
				AF6385E4292150EC005851B4 /* NailItUITests.swift in Sources */,
				AF6385E6292150EC005851B4 /* NailItUITestsLaunchTests.swift in Sources */,
			);
			runOnlyForDeploymentPostprocessing = 0;
		};
/* End PBXSourcesBuildPhase section */

/* Begin PBXTargetDependency section */
		AF6385D7292150EC005851B4 /* PBXTargetDependency */ = {
			isa = PBXTargetDependency;
			target = AF6385BB292150EA005851B4 /* NailIt */;
			targetProxy = AF6385D6292150EC005851B4 /* PBXContainerItemProxy */;
		};
		AF6385E1292150EC005851B4 /* PBXTargetDependency */ = {
			isa = PBXTargetDependency;
			target = AF6385BB292150EA005851B4 /* NailIt */;
			targetProxy = AF6385E0292150EC005851B4 /* PBXContainerItemProxy */;
		};
/* End PBXTargetDependency section */

/* Begin PBXVariantGroup section */
		AF6385CD292150EC005851B4 /* LaunchScreen.storyboard */ = {
			isa = PBXVariantGroup;
			children = (
				AF6385CE292150EC005851B4 /* Base */,
			);
			name = LaunchScreen.storyboard;
			sourceTree = "<group>";
		};
/* End PBXVariantGroup section */

/* Begin XCBuildConfiguration section */
		AF6385E7292150EC005851B4 /* Debug */ = {
			isa = XCBuildConfiguration;
			buildSettings = {
				ALWAYS_SEARCH_USER_PATHS = NO;
				CLANG_ANALYZER_NONNULL = YES;
				CLANG_ANALYZER_NUMBER_OBJECT_CONVERSION = YES_AGGRESSIVE;
				CLANG_CXX_LANGUAGE_STANDARD = "gnu++20";
				CLANG_ENABLE_MODULES = YES;
				CLANG_ENABLE_OBJC_ARC = YES;
				CLANG_ENABLE_OBJC_WEAK = YES;
				CLANG_WARN_BLOCK_CAPTURE_AUTORELEASING = YES;
				CLANG_WARN_BOOL_CONVERSION = YES;
				CLANG_WARN_COMMA = YES;
				CLANG_WARN_CONSTANT_CONVERSION = YES;
				CLANG_WARN_DEPRECATED_OBJC_IMPLEMENTATIONS = YES;
				CLANG_WARN_DIRECT_OBJC_ISA_USAGE = YES_ERROR;
				CLANG_WARN_DOCUMENTATION_COMMENTS = YES;
				CLANG_WARN_EMPTY_BODY = YES;
				CLANG_WARN_ENUM_CONVERSION = YES;
				CLANG_WARN_INFINITE_RECURSION = YES;
				CLANG_WARN_INT_CONVERSION = YES;
				CLANG_WARN_NON_LITERAL_NULL_CONVERSION = YES;
				CLANG_WARN_OBJC_IMPLICIT_RETAIN_SELF = YES;
				CLANG_WARN_OBJC_LITERAL_CONVERSION = YES;
				CLANG_WARN_OBJC_ROOT_CLASS = YES_ERROR;
				CLANG_WARN_QUOTED_INCLUDE_IN_FRAMEWORK_HEADER = YES;
				CLANG_WARN_RANGE_LOOP_ANALYSIS = YES;
				CLANG_WARN_STRICT_PROTOTYPES = YES;
				CLANG_WARN_SUSPICIOUS_MOVE = YES;
				CLANG_WARN_UNGUARDED_AVAILABILITY = YES_AGGRESSIVE;
				CLANG_WARN_UNREACHABLE_CODE = YES;
				CLANG_WARN__DUPLICATE_METHOD_MATCH = YES;
				COPY_PHASE_STRIP = NO;
				DEBUG_INFORMATION_FORMAT = dwarf;
				ENABLE_STRICT_OBJC_MSGSEND = YES;
				ENABLE_TESTABILITY = YES;
				GCC_C_LANGUAGE_STANDARD = gnu11;
				GCC_DYNAMIC_NO_PIC = NO;
				GCC_NO_COMMON_BLOCKS = YES;
				GCC_OPTIMIZATION_LEVEL = 0;
				GCC_PREPROCESSOR_DEFINITIONS = (
					"DEBUG=1",
					"$(inherited)",
				);
				GCC_WARN_64_TO_32_BIT_CONVERSION = YES;
				GCC_WARN_ABOUT_RETURN_TYPE = YES_ERROR;
				GCC_WARN_UNDECLARED_SELECTOR = YES;
				GCC_WARN_UNINITIALIZED_AUTOS = YES_AGGRESSIVE;
				GCC_WARN_UNUSED_FUNCTION = YES;
				GCC_WARN_UNUSED_VARIABLE = YES;
				IPHONEOS_DEPLOYMENT_TARGET = 16.0;
				MTL_ENABLE_DEBUG_INFO = INCLUDE_SOURCE;
				MTL_FAST_MATH = YES;
				ONLY_ACTIVE_ARCH = YES;
				SDKROOT = iphoneos;
				SWIFT_ACTIVE_COMPILATION_CONDITIONS = DEBUG;
				SWIFT_OPTIMIZATION_LEVEL = "-Onone";
			};
			name = Debug;
		};
		AF6385E8292150EC005851B4 /* Release */ = {
			isa = XCBuildConfiguration;
			buildSettings = {
				ALWAYS_SEARCH_USER_PATHS = NO;
				CLANG_ANALYZER_NONNULL = YES;
				CLANG_ANALYZER_NUMBER_OBJECT_CONVERSION = YES_AGGRESSIVE;
				CLANG_CXX_LANGUAGE_STANDARD = "gnu++20";
				CLANG_ENABLE_MODULES = YES;
				CLANG_ENABLE_OBJC_ARC = YES;
				CLANG_ENABLE_OBJC_WEAK = YES;
				CLANG_WARN_BLOCK_CAPTURE_AUTORELEASING = YES;
				CLANG_WARN_BOOL_CONVERSION = YES;
				CLANG_WARN_COMMA = YES;
				CLANG_WARN_CONSTANT_CONVERSION = YES;
				CLANG_WARN_DEPRECATED_OBJC_IMPLEMENTATIONS = YES;
				CLANG_WARN_DIRECT_OBJC_ISA_USAGE = YES_ERROR;
				CLANG_WARN_DOCUMENTATION_COMMENTS = YES;
				CLANG_WARN_EMPTY_BODY = YES;
				CLANG_WARN_ENUM_CONVERSION = YES;
				CLANG_WARN_INFINITE_RECURSION = YES;
				CLANG_WARN_INT_CONVERSION = YES;
				CLANG_WARN_NON_LITERAL_NULL_CONVERSION = YES;
				CLANG_WARN_OBJC_IMPLICIT_RETAIN_SELF = YES;
				CLANG_WARN_OBJC_LITERAL_CONVERSION = YES;
				CLANG_WARN_OBJC_ROOT_CLASS = YES_ERROR;
				CLANG_WARN_QUOTED_INCLUDE_IN_FRAMEWORK_HEADER = YES;
				CLANG_WARN_RANGE_LOOP_ANALYSIS = YES;
				CLANG_WARN_STRICT_PROTOTYPES = YES;
				CLANG_WARN_SUSPICIOUS_MOVE = YES;
				CLANG_WARN_UNGUARDED_AVAILABILITY = YES_AGGRESSIVE;
				CLANG_WARN_UNREACHABLE_CODE = YES;
				CLANG_WARN__DUPLICATE_METHOD_MATCH = YES;
				COPY_PHASE_STRIP = NO;
				DEBUG_INFORMATION_FORMAT = "dwarf-with-dsym";
				ENABLE_NS_ASSERTIONS = NO;
				ENABLE_STRICT_OBJC_MSGSEND = YES;
				GCC_C_LANGUAGE_STANDARD = gnu11;
				GCC_NO_COMMON_BLOCKS = YES;
				GCC_WARN_64_TO_32_BIT_CONVERSION = YES;
				GCC_WARN_ABOUT_RETURN_TYPE = YES_ERROR;
				GCC_WARN_UNDECLARED_SELECTOR = YES;
				GCC_WARN_UNINITIALIZED_AUTOS = YES_AGGRESSIVE;
				GCC_WARN_UNUSED_FUNCTION = YES;
				GCC_WARN_UNUSED_VARIABLE = YES;
				IPHONEOS_DEPLOYMENT_TARGET = 16.0;
				MTL_ENABLE_DEBUG_INFO = NO;
				MTL_FAST_MATH = YES;
				SDKROOT = iphoneos;
				SWIFT_COMPILATION_MODE = wholemodule;
				SWIFT_OPTIMIZATION_LEVEL = "-O";
				VALIDATE_PRODUCT = YES;
			};
			name = Release;
		};
		AF6385EA292150EC005851B4 /* Debug */ = {
			isa = XCBuildConfiguration;
			baseConfigurationReference = C8381A3F3C35C9FBEBE345BE /* Pods-NailIt.debug.xcconfig */;
			buildSettings = {
				ASSETCATALOG_COMPILER_APPICON_NAME = AppIcon;
				ASSETCATALOG_COMPILER_GLOBAL_ACCENT_COLOR_NAME = AccentColor;
				CODE_SIGN_STYLE = Automatic;
				CURRENT_PROJECT_VERSION = 1;
				DEVELOPMENT_TEAM = G9B4VPJY3R;
				GENERATE_INFOPLIST_FILE = YES;
				INFOPLIST_FILE = NailIt/Info.plist;
				INFOPLIST_KEY_UIApplicationSupportsIndirectInputEvents = YES;
				INFOPLIST_KEY_UILaunchStoryboardName = LaunchScreen;
				INFOPLIST_KEY_UISupportedInterfaceOrientations_iPad = "UIInterfaceOrientationPortrait UIInterfaceOrientationPortraitUpsideDown UIInterfaceOrientationLandscapeLeft UIInterfaceOrientationLandscapeRight";
				INFOPLIST_KEY_UISupportedInterfaceOrientations_iPhone = "UIInterfaceOrientationPortrait UIInterfaceOrientationLandscapeLeft UIInterfaceOrientationLandscapeRight";
				IPHONEOS_DEPLOYMENT_TARGET = 14.0;
				LD_RUNPATH_SEARCH_PATHS = (
					"$(inherited)",
					"@executable_path/Frameworks",
				);
				MARKETING_VERSION = 1.0;
				PRODUCT_BUNDLE_IDENTIFIER = com.kravchenko.nsu.NailIt;
				PRODUCT_NAME = "$(TARGET_NAME)";
				SWIFT_EMIT_LOC_STRINGS = YES;
				SWIFT_VERSION = 5.0;
				TARGETED_DEVICE_FAMILY = "1,2";
			};
			name = Debug;
		};
		AF6385EB292150EC005851B4 /* Release */ = {
			isa = XCBuildConfiguration;
			baseConfigurationReference = 61B4BBB8CD138DF3421285FF /* Pods-NailIt.release.xcconfig */;
			buildSettings = {
				ASSETCATALOG_COMPILER_APPICON_NAME = AppIcon;
				ASSETCATALOG_COMPILER_GLOBAL_ACCENT_COLOR_NAME = AccentColor;
				CODE_SIGN_STYLE = Automatic;
				CURRENT_PROJECT_VERSION = 1;
				DEVELOPMENT_TEAM = G9B4VPJY3R;
				GENERATE_INFOPLIST_FILE = YES;
				INFOPLIST_FILE = NailIt/Info.plist;
				INFOPLIST_KEY_UIApplicationSupportsIndirectInputEvents = YES;
				INFOPLIST_KEY_UILaunchStoryboardName = LaunchScreen;
				INFOPLIST_KEY_UISupportedInterfaceOrientations_iPad = "UIInterfaceOrientationPortrait UIInterfaceOrientationPortraitUpsideDown UIInterfaceOrientationLandscapeLeft UIInterfaceOrientationLandscapeRight";
				INFOPLIST_KEY_UISupportedInterfaceOrientations_iPhone = "UIInterfaceOrientationPortrait UIInterfaceOrientationLandscapeLeft UIInterfaceOrientationLandscapeRight";
				IPHONEOS_DEPLOYMENT_TARGET = 14.0;
				LD_RUNPATH_SEARCH_PATHS = (
					"$(inherited)",
					"@executable_path/Frameworks",
				);
				MARKETING_VERSION = 1.0;
				PRODUCT_BUNDLE_IDENTIFIER = com.kravchenko.nsu.NailIt;
				PRODUCT_NAME = "$(TARGET_NAME)";
				SWIFT_EMIT_LOC_STRINGS = YES;
				SWIFT_VERSION = 5.0;
				TARGETED_DEVICE_FAMILY = "1,2";
			};
			name = Release;
		};
		AF6385ED292150EC005851B4 /* Debug */ = {
			isa = XCBuildConfiguration;
			baseConfigurationReference = 3B7E6A0E1FF03E80313F278C /* Pods-NailItTests.debug.xcconfig */;
			buildSettings = {
				ALWAYS_EMBED_SWIFT_STANDARD_LIBRARIES = YES;
				BUNDLE_LOADER = "$(TEST_HOST)";
				CODE_SIGN_STYLE = Automatic;
				CURRENT_PROJECT_VERSION = 1;
				DEVELOPMENT_TEAM = G9B4VPJY3R;
				GENERATE_INFOPLIST_FILE = YES;
				IPHONEOS_DEPLOYMENT_TARGET = 16.0;
				MARKETING_VERSION = 1.0;
				PRODUCT_BUNDLE_IDENTIFIER = com.kravchenko.nsu.NailItTests;
				PRODUCT_NAME = "$(TARGET_NAME)";
				SWIFT_EMIT_LOC_STRINGS = NO;
				SWIFT_VERSION = 5.0;
				TARGETED_DEVICE_FAMILY = "1,2";
				TEST_HOST = "$(BUILT_PRODUCTS_DIR)/NailIt.app/$(BUNDLE_EXECUTABLE_FOLDER_PATH)/NailIt";
			};
			name = Debug;
		};
		AF6385EE292150EC005851B4 /* Release */ = {
			isa = XCBuildConfiguration;
			baseConfigurationReference = 3FF5BCAFD32B67BC1F031B28 /* Pods-NailItTests.release.xcconfig */;
			buildSettings = {
				ALWAYS_EMBED_SWIFT_STANDARD_LIBRARIES = YES;
				BUNDLE_LOADER = "$(TEST_HOST)";
				CODE_SIGN_STYLE = Automatic;
				CURRENT_PROJECT_VERSION = 1;
				DEVELOPMENT_TEAM = G9B4VPJY3R;
				GENERATE_INFOPLIST_FILE = YES;
				IPHONEOS_DEPLOYMENT_TARGET = 16.0;
				MARKETING_VERSION = 1.0;
				PRODUCT_BUNDLE_IDENTIFIER = com.kravchenko.nsu.NailItTests;
				PRODUCT_NAME = "$(TARGET_NAME)";
				SWIFT_EMIT_LOC_STRINGS = NO;
				SWIFT_VERSION = 5.0;
				TARGETED_DEVICE_FAMILY = "1,2";
				TEST_HOST = "$(BUILT_PRODUCTS_DIR)/NailIt.app/$(BUNDLE_EXECUTABLE_FOLDER_PATH)/NailIt";
			};
			name = Release;
		};
		AF6385F0292150EC005851B4 /* Debug */ = {
			isa = XCBuildConfiguration;
			baseConfigurationReference = 3930CE015E675993798351DC /* Pods-NailIt-NailItUITests.debug.xcconfig */;
			buildSettings = {
				ALWAYS_EMBED_SWIFT_STANDARD_LIBRARIES = YES;
				CODE_SIGN_STYLE = Automatic;
				CURRENT_PROJECT_VERSION = 1;
				DEVELOPMENT_TEAM = G9B4VPJY3R;
				GENERATE_INFOPLIST_FILE = YES;
				MARKETING_VERSION = 1.0;
				PRODUCT_BUNDLE_IDENTIFIER = com.kravchenko.nsu.NailItUITests;
				PRODUCT_NAME = "$(TARGET_NAME)";
				SWIFT_EMIT_LOC_STRINGS = NO;
				SWIFT_VERSION = 5.0;
				TARGETED_DEVICE_FAMILY = "1,2";
				TEST_TARGET_NAME = NailIt;
			};
			name = Debug;
		};
		AF6385F1292150EC005851B4 /* Release */ = {
			isa = XCBuildConfiguration;
			baseConfigurationReference = 9BFEFD873F3722D5740C01EB /* Pods-NailIt-NailItUITests.release.xcconfig */;
			buildSettings = {
				ALWAYS_EMBED_SWIFT_STANDARD_LIBRARIES = YES;
				CODE_SIGN_STYLE = Automatic;
				CURRENT_PROJECT_VERSION = 1;
				DEVELOPMENT_TEAM = G9B4VPJY3R;
				GENERATE_INFOPLIST_FILE = YES;
				MARKETING_VERSION = 1.0;
				PRODUCT_BUNDLE_IDENTIFIER = com.kravchenko.nsu.NailItUITests;
				PRODUCT_NAME = "$(TARGET_NAME)";
				SWIFT_EMIT_LOC_STRINGS = NO;
				SWIFT_VERSION = 5.0;
				TARGETED_DEVICE_FAMILY = "1,2";
				TEST_TARGET_NAME = NailIt;
			};
			name = Release;
		};
/* End XCBuildConfiguration section */

/* Begin XCConfigurationList section */
		AF6385B7292150EA005851B4 /* Build configuration list for PBXProject "NailIt" */ = {
			isa = XCConfigurationList;
			buildConfigurations = (
				AF6385E7292150EC005851B4 /* Debug */,
				AF6385E8292150EC005851B4 /* Release */,
			);
			defaultConfigurationIsVisible = 0;
			defaultConfigurationName = Release;
		};
		AF6385E9292150EC005851B4 /* Build configuration list for PBXNativeTarget "NailIt" */ = {
			isa = XCConfigurationList;
			buildConfigurations = (
				AF6385EA292150EC005851B4 /* Debug */,
				AF6385EB292150EC005851B4 /* Release */,
			);
			defaultConfigurationIsVisible = 0;
			defaultConfigurationName = Release;
		};
		AF6385EC292150EC005851B4 /* Build configuration list for PBXNativeTarget "NailItTests" */ = {
			isa = XCConfigurationList;
			buildConfigurations = (
				AF6385ED292150EC005851B4 /* Debug */,
				AF6385EE292150EC005851B4 /* Release */,
			);
			defaultConfigurationIsVisible = 0;
			defaultConfigurationName = Release;
		};
		AF6385EF292150EC005851B4 /* Build configuration list for PBXNativeTarget "NailItUITests" */ = {
			isa = XCConfigurationList;
			buildConfigurations = (
				AF6385F0292150EC005851B4 /* Debug */,
				AF6385F1292150EC005851B4 /* Release */,
			);
			defaultConfigurationIsVisible = 0;
			defaultConfigurationName = Release;
		};
/* End XCConfigurationList section */

/* Begin XCVersionGroup section */
		AF6385C8292150EA005851B4 /* NailIt.xcdatamodeld */ = {
			isa = XCVersionGroup;
			children = (
				AF6385C9292150EA005851B4 /* NailIt.xcdatamodel */,
			);
			currentVersion = AF6385C9292150EA005851B4 /* NailIt.xcdatamodel */;
			path = NailIt.xcdatamodeld;
			sourceTree = "<group>";
			versionGroupType = wrapper.xcdatamodel;
		};
/* End XCVersionGroup section */
	};
	rootObject = AF6385B4292150EA005851B4 /* Project object */;
}
